
Microsoft Visual Studio Solution File, Format Version 12.00
# Visual Studio Version 17
VisualStudioVersion = 17.14.36221.1 d17.14
MinimumVisualStudioVersion = 10.0.40219.1
Project("{FAE04EC0-301F-11D3-BF4B-00C04F79EFBC}") = "TiposDeDados2", "TiposDeDados2\TiposDeDados2.csproj", "{175C442C-60D9-4E0A-9E37-39E12E166D92}"
EndProject
Global
	GlobalSection(SolutionConfigurationPlatforms) = preSolution
		Debug|Any CPU = Debug|Any CPU
		Release|Any CPU = Release|Any CPU
	EndGlobalSection
	GlobalSection(ProjectConfigurationPlatforms) = postSolution
		{175C442C-60D9-4E0A-9E37-39E12E166D92}.Debug|Any CPU.ActiveCfg = Debug|Any CPU
		{175C442C-60D9-4E0A-9E37-39E12E166D92}.Debug|Any CPU.Build.0 = Debug|Any CPU
		{175C442C-60D9-4E0A-9E37-39E12E166D92}.Release|Any CPU.ActiveCfg = Release|Any CPU
		{175C442C-60D9-4E0A-9E37-39E12E166D92}.Release|Any CPU.Build.0 = Release|Any CPU
	EndGlobalSection
	GlobalSection(SolutionProperties) = preSolution
		HideSolutionNode = FALSE
	EndGlobalSection
	GlobalSection(ExtensibilityGlobals) = postSolution
		SolutionGuid = {2E457471-5DCC-4903-8C80-A7CF38D82CBD}
	EndGlobalSection
EndGlobal
